{
  "version": 4,
  "terraform_version": "1.7.3",
  "serial": 7,
  "lineage": "7205bce2-5345-4818-d463-1e437896e064",
  "outputs": {
    "db_ip": {
      "value": [
        "192.168.1.182",
        "192.168.1.183",
        "192.168.1.181"
      ],
      "type": [
        "tuple",
        [
          "string",
          "string",
          "string"
        ]
      ]
    }
  },
  "resources": [
    {
      "mode": "managed",
      "type": "esxi_guest",
      "name": "dbserver",
      "provider": "provider[\"registry.terraform.io/josenk/esxi\"]",
      "instances": [
        {
          "index_key": 0,
          "schema_version": 0,
          "attributes": {
            "boot_disk_size": null,
            "boot_disk_type": "thin",
            "boot_firmware": "bios",
            "clone_from_vm": null,
            "disk_store": "DS-1",
            "guest_name": "db1",
            "guest_shutdown_timeout": 20,
            "guest_startup_timeout": 120,
            "guestinfo": {
              "metadata": "I2Nsb3VkLWNvbmZpZwpsb2NhbC1ob3N0bmFtZTogZGIxCmluc3RhbmNlLWlkOiB1YnVudHUtZGIxCg==",
              "metadata.encoding": "base64",
              "userdata": "I2Nsb3VkLWNvbmZpZwp1c2VyczoKICAtIG5hbWU6IG9tYXJzc2gKICAgIHNzaC1hdXRob3JpemVkLWtleXM6CiAgICAgIC0gc3NoLWVkMjU1MTkgQUFBQUMzTnphQzFsWkRJMU5URTVBQUFBSUlIZjhONkI1cUZlOGUvakZCQjJNYXBzWmtuTkpDYjJ1bGF3UXFrL29iYzgKICAgIHN1ZG86IFsnQUxMPShBTEwpIE5PUEFTU1dEOkFMTCddCiAgICBncm91cHM6IHN1ZG8KICAgIHNoZWxsOiAvYmluL2Jhc2gKcGFja2FnZXM6CiAgLSBudHBkYXRlCiAgLSB3Z2V0Cm50cDoKICBlbmFibGVkOiB0cnVlCiAgbnRwX2NsaWVudDogY2hyb255Cg==",
              "userdata.encoding": "base64"
            },
            "guestos": "ubuntu-64",
            "host_ovf": null,
            "id": "32",
            "ip_address": "192.168.1.182",
            "memsize": "2048",
            "network_interfaces": [
              {
                "mac_address": "",
                "nic_type": "e1000",
                "virtual_network": "VM Network"
              }
            ],
            "notes": "",
            "numvcpus": "1",
            "ovf_properties": [],
            "ovf_properties_timer": 90,
            "ovf_source": "https://cloud-images.ubuntu.com/releases/22.04/release/ubuntu-22.04-server-cloudimg-amd64.ova",
            "power": "on",
            "resource_pool_name": "/",
            "virthwver": "10",
            "virtual_disks": []
          },
          "sensitive_attributes": [],
          "private": "bnVsbA=="
        },
        {
          "index_key": 1,
          "schema_version": 0,
          "attributes": {
            "boot_disk_size": null,
            "boot_disk_type": "thin",
            "boot_firmware": "bios",
            "clone_from_vm": null,
            "disk_store": "DS-1",
            "guest_name": "db2",
            "guest_shutdown_timeout": 20,
            "guest_startup_timeout": 120,
            "guestinfo": {
              "metadata": "I2Nsb3VkLWNvbmZpZwpsb2NhbC1ob3N0bmFtZTogZGIyCmluc3RhbmNlLWlkOiB1YnVudHUtZGIyCg==",
              "metadata.encoding": "base64",
              "userdata": "I2Nsb3VkLWNvbmZpZwp1c2VyczoKICAtIG5hbWU6IG9tYXJzc2gKICAgIHNzaC1hdXRob3JpemVkLWtleXM6CiAgICAgIC0gc3NoLWVkMjU1MTkgQUFBQUMzTnphQzFsWkRJMU5URTVBQUFBSUlIZjhONkI1cUZlOGUvakZCQjJNYXBzWmtuTkpDYjJ1bGF3UXFrL29iYzgKICAgIHN1ZG86IFsnQUxMPShBTEwpIE5PUEFTU1dEOkFMTCddCiAgICBncm91cHM6IHN1ZG8KICAgIHNoZWxsOiAvYmluL2Jhc2gKcGFja2FnZXM6CiAgLSBudHBkYXRlCiAgLSB3Z2V0Cm50cDoKICBlbmFibGVkOiB0cnVlCiAgbnRwX2NsaWVudDogY2hyb255Cg==",
              "userdata.encoding": "base64"
            },
            "guestos": "ubuntu-64",
            "host_ovf": null,
            "id": "31",
            "ip_address": "192.168.1.183",
            "memsize": "2048",
            "network_interfaces": [
              {
                "mac_address": "",
                "nic_type": "e1000",
                "virtual_network": "VM Network"
              }
            ],
            "notes": "",
            "numvcpus": "1",
            "ovf_properties": [],
            "ovf_properties_timer": 90,
            "ovf_source": "https://cloud-images.ubuntu.com/releases/22.04/release/ubuntu-22.04-server-cloudimg-amd64.ova",
            "power": "on",
            "resource_pool_name": "/",
            "virthwver": "10",
            "virtual_disks": []
          },
          "sensitive_attributes": [],
          "private": "bnVsbA=="
        },
        {
          "index_key": 2,
          "schema_version": 0,
          "attributes": {
            "boot_disk_size": null,
            "boot_disk_type": "thin",
            "boot_firmware": "bios",
            "clone_from_vm": null,
            "disk_store": "DS-1",
            "guest_name": "db3",
            "guest_shutdown_timeout": 20,
            "guest_startup_timeout": 120,
            "guestinfo": {
              "metadata": "I2Nsb3VkLWNvbmZpZwpsb2NhbC1ob3N0bmFtZTogZGIzCmluc3RhbmNlLWlkOiB1YnVudHUtZGIzCg==",
              "metadata.encoding": "base64",
              "userdata": "I2Nsb3VkLWNvbmZpZwp1c2VyczoKICAtIG5hbWU6IG9tYXJzc2gKICAgIHNzaC1hdXRob3JpemVkLWtleXM6CiAgICAgIC0gc3NoLWVkMjU1MTkgQUFBQUMzTnphQzFsWkRJMU5URTVBQUFBSUlIZjhONkI1cUZlOGUvakZCQjJNYXBzWmtuTkpDYjJ1bGF3UXFrL29iYzgKICAgIHN1ZG86IFsnQUxMPShBTEwpIE5PUEFTU1dEOkFMTCddCiAgICBncm91cHM6IHN1ZG8KICAgIHNoZWxsOiAvYmluL2Jhc2gKcGFja2FnZXM6CiAgLSBudHBkYXRlCiAgLSB3Z2V0Cm50cDoKICBlbmFibGVkOiB0cnVlCiAgbnRwX2NsaWVudDogY2hyb255Cg==",
              "userdata.encoding": "base64"
            },
            "guestos": "ubuntu-64",
            "host_ovf": null,
            "id": "30",
            "ip_address": "192.168.1.181",
            "memsize": "2048",
            "network_interfaces": [
              {
                "mac_address": "",
                "nic_type": "e1000",
                "virtual_network": "VM Network"
              }
            ],
            "notes": "",
            "numvcpus": "1",
            "ovf_properties": [],
            "ovf_properties_timer": 90,
            "ovf_source": "https://cloud-images.ubuntu.com/releases/22.04/release/ubuntu-22.04-server-cloudimg-amd64.ova",
            "power": "on",
            "resource_pool_name": "/",
            "virthwver": "10",
            "virtual_disks": []
          },
          "sensitive_attributes": [],
          "private": "bnVsbA=="
        }
      ]
    },
    {
      "mode": "managed",
      "type": "local_file",
      "name": "inventory",
      "provider": "provider[\"registry.terraform.io/hashicorp/local\"]",
      "instances": [
        {
          "schema_version": 0,
          "attributes": {
            "content": "[all]\n192.168.1.182\n192.168.1.183\n192.168.1.181\n\n",
            "content_base64": null,
            "content_base64sha256": "V8iMeIqbv7jlQRcmwwz0s4FHi9lZuMZOlB9Y26aSrZY=",
            "content_base64sha512": "dvdiaUatu+EJ3FBxLvKni/2fzINl08/X7NDwOD/6oH9k0OKFoBzRIFG6sHDjBK4hv0XIjnvEjAd/IZ9BbR9xoA==",
            "content_md5": "3a5c28cb7a28534f207c291d17024402",
            "content_sha1": "5a7fbd9b470034a6a99a05dbfae1619462061196",
            "content_sha256": "57c88c788a9bbfb8e5411726c30cf4b381478bd959b8c64e941f58dba692ad96",
            "content_sha512": "76f7626946adbbe109dc50712ef2a78bfd9fcc8365d3cfd7ecd0f0383ffaa07f64d0e285a01cd12051bab070e304ae21bf45c88e7bc48c077f219f416d1f71a0",
            "directory_permission": "0777",
            "file_permission": "0777",
            "filename": "inventory.yaml",
            "id": "5a7fbd9b470034a6a99a05dbfae1619462061196",
            "sensitive_content": null,
            "source": null
          },
          "sensitive_attributes": [],
          "dependencies": [
            "esxi_guest.dbserver"
          ]
        }
      ]
    },
    {
      "mode": "managed",
      "type": "null_resource",
      "name": "delay_provisioner",
      "provider": "provider[\"registry.terraform.io/hashicorp/null\"]",
      "instances": [
        {
          "schema_version": 0,
          "attributes": {
            "id": "8594555833525884097",
            "triggers": null
          },
          "sensitive_attributes": [],
          "dependencies": [
            "esxi_guest.dbserver"
          ]
        }
      ]
    }
  ],
  "check_results": null
}
