{
  "version": 4,
  "terraform_version": "1.7.3",
  "serial": 5,
  "lineage": "7f823292-37ab-9445-2f03-ca5560106ded",
  "outputs": {
    "db_ip": {
      "value": [
        "192.168.1.180",
        "192.168.1.178",
        "192.168.1.179"
      ],
      "type": [
        "tuple",
        [
          "string",
          "string",
          "string"
        ]
      ]
    }
  },
  "resources": [
    {
      "mode": "managed",
      "type": "esxi_guest",
      "name": "dbserver",
      "provider": "provider[\"registry.terraform.io/josenk/esxi\"]",
      "instances": [
        {
          "index_key": 0,
          "schema_version": 0,
          "attributes": {
            "boot_disk_size": null,
            "boot_disk_type": "thin",
            "boot_firmware": "bios",
            "clone_from_vm": null,
            "disk_store": "DS-1",
            "guest_name": "db1",
            "guest_shutdown_timeout": 20,
            "guest_startup_timeout": 120,
            "guestinfo": {
              "metadata": "I2Nsb3VkLWNvbmZpZwpsb2NhbC1ob3N0bmFtZTogZGIxCmluc3RhbmNlLWlkOiB1YnVudHUtZGIxCg==",
              "metadata.encoding": "base64",
              "userdata": "I2Nsb3VkLWNvbmZpZwp1c2VyczoKICAtIG5hbWU6IG9tYXJzc2gKICAgIHNzaC1hdXRob3JpemVkLWtleXM6CiAgICAgIC0gc3NoLWVkMjU1MTkgQUFBQUMzTnphQzFsWkRJMU5URTVBQUFBSUlIZjhONkI1cUZlOGUvakZCQjJNYXBzWmtuTkpDYjJ1bGF3UXFrL29iYzgKICAgIHN1ZG86IFsnQUxMPShBTEwpIE5PUEFTU1dEOkFMTCddCiAgICBncm91cHM6IHN1ZG8KICAgIHNoZWxsOiAvYmluL2Jhc2gKcGFja2FnZXM6CiAgLSBudHBkYXRlCiAgLSB3Z2V0Cm50cDoKICBlbmFibGVkOiB0cnVlCiAgbnRwX2NsaWVudDogY2hyb255Cg==",
              "userdata.encoding": "base64"
            },
            "guestos": "ubuntu-64",
            "host_ovf": null,
            "id": "27",
            "ip_address": "192.168.1.180",
            "memsize": "2048",
            "network_interfaces": [
              {
                "mac_address": "",
                "nic_type": "e1000",
                "virtual_network": "VM Network"
              }
            ],
            "notes": "",
            "numvcpus": "1",
            "ovf_properties": [],
            "ovf_properties_timer": 90,
            "ovf_source": "https://cloud-images.ubuntu.com/releases/22.04/release/ubuntu-22.04-server-cloudimg-amd64.ova",
            "power": "on",
            "resource_pool_name": "/",
            "virthwver": "10",
            "virtual_disks": []
          },
          "sensitive_attributes": [],
          "private": "bnVsbA=="
        },
        {
          "index_key": 1,
          "schema_version": 0,
          "attributes": {
            "boot_disk_size": null,
            "boot_disk_type": "thin",
            "boot_firmware": "bios",
            "clone_from_vm": null,
            "disk_store": "DS-1",
            "guest_name": "db2",
            "guest_shutdown_timeout": 20,
            "guest_startup_timeout": 120,
            "guestinfo": {
              "metadata": "I2Nsb3VkLWNvbmZpZwpsb2NhbC1ob3N0bmFtZTogZGIyCmluc3RhbmNlLWlkOiB1YnVudHUtZGIyCg==",
              "metadata.encoding": "base64",
              "userdata": "I2Nsb3VkLWNvbmZpZwp1c2VyczoKICAtIG5hbWU6IG9tYXJzc2gKICAgIHNzaC1hdXRob3JpemVkLWtleXM6CiAgICAgIC0gc3NoLWVkMjU1MTkgQUFBQUMzTnphQzFsWkRJMU5URTVBQUFBSUlIZjhONkI1cUZlOGUvakZCQjJNYXBzWmtuTkpDYjJ1bGF3UXFrL29iYzgKICAgIHN1ZG86IFsnQUxMPShBTEwpIE5PUEFTU1dEOkFMTCddCiAgICBncm91cHM6IHN1ZG8KICAgIHNoZWxsOiAvYmluL2Jhc2gKcGFja2FnZXM6CiAgLSBudHBkYXRlCiAgLSB3Z2V0Cm50cDoKICBlbmFibGVkOiB0cnVlCiAgbnRwX2NsaWVudDogY2hyb255Cg==",
              "userdata.encoding": "base64"
            },
            "guestos": "ubuntu-64",
            "host_ovf": null,
            "id": "29",
            "ip_address": "192.168.1.178",
            "memsize": "2048",
            "network_interfaces": [
              {
                "mac_address": "",
                "nic_type": "e1000",
                "virtual_network": "VM Network"
              }
            ],
            "notes": "",
            "numvcpus": "1",
            "ovf_properties": [],
            "ovf_properties_timer": 90,
            "ovf_source": "https://cloud-images.ubuntu.com/releases/22.04/release/ubuntu-22.04-server-cloudimg-amd64.ova",
            "power": "on",
            "resource_pool_name": "/",
            "virthwver": "10",
            "virtual_disks": []
          },
          "sensitive_attributes": [],
          "private": "bnVsbA=="
        },
        {
          "index_key": 2,
          "schema_version": 0,
          "attributes": {
            "boot_disk_size": null,
            "boot_disk_type": "thin",
            "boot_firmware": "bios",
            "clone_from_vm": null,
            "disk_store": "DS-1",
            "guest_name": "db3",
            "guest_shutdown_timeout": 20,
            "guest_startup_timeout": 120,
            "guestinfo": {
              "metadata": "I2Nsb3VkLWNvbmZpZwpsb2NhbC1ob3N0bmFtZTogZGIzCmluc3RhbmNlLWlkOiB1YnVudHUtZGIzCg==",
              "metadata.encoding": "base64",
              "userdata": "I2Nsb3VkLWNvbmZpZwp1c2VyczoKICAtIG5hbWU6IG9tYXJzc2gKICAgIHNzaC1hdXRob3JpemVkLWtleXM6CiAgICAgIC0gc3NoLWVkMjU1MTkgQUFBQUMzTnphQzFsWkRJMU5URTVBQUFBSUlIZjhONkI1cUZlOGUvakZCQjJNYXBzWmtuTkpDYjJ1bGF3UXFrL29iYzgKICAgIHN1ZG86IFsnQUxMPShBTEwpIE5PUEFTU1dEOkFMTCddCiAgICBncm91cHM6IHN1ZG8KICAgIHNoZWxsOiAvYmluL2Jhc2gKcGFja2FnZXM6CiAgLSBudHBkYXRlCiAgLSB3Z2V0Cm50cDoKICBlbmFibGVkOiB0cnVlCiAgbnRwX2NsaWVudDogY2hyb255Cg==",
              "userdata.encoding": "base64"
            },
            "guestos": "ubuntu-64",
            "host_ovf": null,
            "id": "28",
            "ip_address": "192.168.1.179",
            "memsize": "2048",
            "network_interfaces": [
              {
                "mac_address": "",
                "nic_type": "e1000",
                "virtual_network": "VM Network"
              }
            ],
            "notes": "",
            "numvcpus": "1",
            "ovf_properties": [],
            "ovf_properties_timer": 90,
            "ovf_source": "https://cloud-images.ubuntu.com/releases/22.04/release/ubuntu-22.04-server-cloudimg-amd64.ova",
            "power": "on",
            "resource_pool_name": "/",
            "virthwver": "10",
            "virtual_disks": []
          },
          "sensitive_attributes": [],
          "private": "bnVsbA=="
        }
      ]
    },
    {
      "mode": "managed",
      "type": "null_resource",
      "name": "delay_provisioner",
      "provider": "provider[\"registry.terraform.io/hashicorp/null\"]",
      "instances": [
        {
          "schema_version": 0,
          "attributes": {
            "id": "4529320123988801690",
            "triggers": null
          },
          "sensitive_attributes": [],
          "dependencies": [
            "esxi_guest.dbserver"
          ]
        }
      ]
    }
  ],
  "check_results": null
}
